
Microsoft Visual Studio Solution File, Format Version 12.00
# Visual Studio 15
VisualStudioVersion = 15.0.26730.3
MinimumVisualStudioVersion = 10.0.40219.1
Project("{FAE04EC0-301F-11D3-BF4B-00C04F79EFBC}") = "Hans.JwtSample", "Hans.JwtSample\Hans.JwtSample.csproj", "{1C92D10B-BAC0-432F-BF45-E1256E38FA03}"
EndProject
Global
	GlobalSection(SolutionConfigurationPlatforms) = preSolution
		Debug|Any CPU = Debug|Any CPU
		Release|Any CPU = Release|Any CPU
	EndGlobalSection
	GlobalSection(ProjectConfigurationPlatforms) = postSolution
		{1C92D10B-BAC0-432F-BF45-E1256E38FA03}.Debug|Any CPU.ActiveCfg = Debug|Any CPU
		{1C92D10B-BAC0-432F-BF45-E1256E38FA03}.Debug|Any CPU.Build.0 = Debug|Any CPU
		{1C92D10B-BAC0-432F-BF45-E1256E38FA03}.Release|Any CPU.ActiveCfg = Release|Any CPU
		{1C92D10B-BAC0-432F-BF45-E1256E38FA03}.Release|Any CPU.Build.0 = Release|Any CPU
	EndGlobalSection
	GlobalSection(SolutionProperties) = preSolution
		HideSolutionNode = FALSE
	EndGlobalSection
	GlobalSection(ExtensibilityGlobals) = postSolution
		SolutionGuid = {2F118B11-EC03-41D3-9A76-1373788D2F30}
	EndGlobalSection
EndGlobal
